
Microsoft Visual Studio Solution File, Format Version 12.00
# Visual Studio Version 17
VisualStudioVersion = 17.9.34714.143
MinimumVisualStudioVersion = 10.0.40219.1
Project("{FAE04EC0-301F-11D3-BF4B-00C04F79EFBC}") = "excell to description", "excell to description\excell to description.csproj", "{BBE65AD4-B583-43B5-A45B-55A2B997BCD8}"
EndProject
Global
	GlobalSection(SolutionConfigurationPlatforms) = preSolution
		Debug|Any CPU = Debug|Any CPU
		Release|Any CPU = Release|Any CPU
	EndGlobalSection
	GlobalSection(ProjectConfigurationPlatforms) = postSolution
		{BBE65AD4-B583-43B5-A45B-55A2B997BCD8}.Debug|Any CPU.ActiveCfg = Debug|Any CPU
		{BBE65AD4-B583-43B5-A45B-55A2B997BCD8}.Debug|Any CPU.Build.0 = Debug|Any CPU
		{BBE65AD4-B583-43B5-A45B-55A2B997BCD8}.Release|Any CPU.ActiveCfg = Release|Any CPU
		{BBE65AD4-B583-43B5-A45B-55A2B997BCD8}.Release|Any CPU.Build.0 = Release|Any CPU
	EndGlobalSection
	GlobalSection(SolutionProperties) = preSolution
		HideSolutionNode = FALSE
	EndGlobalSection
	GlobalSection(ExtensibilityGlobals) = postSolution
		SolutionGuid = {18CA35C4-90DB-465E-9303-8E3B7493441D}
	EndGlobalSection
EndGlobal
